# This file is autogenerated, do not edit; changes may be undone by the next 'dep ensure'.


[[projects]]
  digest = "1:6e1bcd05ad9b028fbc1ee7f5c57732423b1721dc1fa6c9f28d739277a78d6e8d"
  name = "github.com/Betterment/testtrack-cli"
  packages = [
    "cmds",
    "fakeassignments",
    "fakeserver",
    "featurecompletions",
    "identifiertypes",
    "migrationloaders",
    "migrationmanagers",
    "migrationrunners",
    "migrations",
    "remotekills",
    "schema",
    "schemaloaders",
    "serializers",
    "servers",
    "splitdecisions",
    "splitretirements",
    "splits",
    "validations",
  ]
  pruneopts = ""
  revision = "4cc560ae696392f72caf3c9843136628b80bf688"
  version = "v1.0.2"

[[projects]]
  digest = "1:0deddd908b6b4b768cfc272c16ee61e7088a60f7fe2f06c547bd3d8e1f8b8e77"
  name = "github.com/davecgh/go-spew"
  packages = ["spew"]
  pruneopts = ""
  revision = "8991bc29aa16c548c550c7ff78260e27b9ab7c73"
  version = "v1.1.1"

[[projects]]
  digest = "1:65c7ed49d9f36dd4752e43013323fa9229db60b29aa4f5a75aaecda3130c74e2"
  name = "github.com/gorilla/mux"
  packages = ["."]
  pruneopts = ""
  revision = "c5c6c98bc25355028a63748a498942a6398ccd22"
  version = "v1.7.1"

[[projects]]
  digest = "1:870d441fe217b8e689d7949fef6e43efbc787e50f200cb1e70dbca9204a1d6be"
  name = "github.com/inconshreveable/mousetrap"
  packages = ["."]
  pruneopts = ""
  revision = "76626ae9c91c4f2a10f34cad8ce83ea42c93bb75"
  version = "v1.0"

[[projects]]
  digest = "1:7df5a9695a743c3e1626b28bb8741602c8c15527e1efaeaec48ab2ff9a23f74c"
  name = "github.com/joho/godotenv"
  packages = ["."]
  pruneopts = ""
  revision = "23d116af351c84513e1946b527c88823e476be13"
  version = "v1.3.0"

[[projects]]
  digest = "1:1d7e1867c49a6dd9856598ef7c3123604ea3daabf5b83f303ff457bcbc410b1d"
  name = "github.com/pkg/errors"
  packages = ["."]
  pruneopts = ""
  revision = "ba968bfe8b2f7e042a574c888954fccecfa385b4"
  version = "v0.8.1"

[[projects]]
  digest = "1:256484dbbcd271f9ecebc6795b2df8cad4c458dd0f5fd82a8c2fa0c29f233411"
  name = "github.com/pmezard/go-difflib"
  packages = ["difflib"]
  pruneopts = ""
  revision = "792786c7400a136282c1664665ae0a8db921c6c2"
  version = "v1.0.0"

[[projects]]
  digest = "1:5f47c69f85311c4dc292be6cc995a0a3fe8337a6ce38ef4f71e5b7efd5ad42e0"
  name = "github.com/rs/cors"
  packages = ["."]
  pruneopts = ""
  revision = "9a47f48565a795472d43519dd49aac781f3034fb"
  version = "v1.6.0"

[[projects]]
  digest = "1:a1403cc8a94b8d7956ee5e9694badef0e7b051af289caad1cf668331e3ffa4f6"
  name = "github.com/spf13/cobra"
  packages = ["."]
  pruneopts = ""
  revision = "ef82de70bb3f60c65fb8eebacbb2d122ef517385"
  version = "v0.0.3"

[[projects]]
  digest = "1:cbaf13cdbfef0e4734ed8a7504f57fe893d471d62a35b982bf6fb3f036449a66"
  name = "github.com/spf13/pflag"
  packages = ["."]
  pruneopts = ""
  revision = "298182f68c66c05229eb03ac171abe6e309ee79a"
  version = "v1.0.3"

[[projects]]
  digest = "1:381bcbeb112a51493d9d998bbba207a529c73dbb49b3fd789e48c63fac1f192c"
  name = "github.com/stretchr/testify"
  packages = [
    "assert",
    "require",
  ]
  pruneopts = ""
  revision = "ffdc059bfe9ce6a4e144ba849dbedead332c6053"
  version = "v1.3.0"

[[projects]]
  branch = "master"
  digest = "1:07a6b419f790dba389a58ba7ef5bb5e5281fe0b3046398b33767e3bd21c0b736"
  name = "golang.org/x/lint"
  packages = [
    ".",
    "golint",
  ]
  pruneopts = ""
  revision = "16217165b5de779cb6a5e4fc81fa9c1166fda457"

[[projects]]
  branch = "master"
  digest = "1:8eb8d3e3ac8104f933168344d8961d774cfeecc8340a65a4b0ca01b273fcda9d"
  name = "golang.org/x/tools"
  packages = [
    "cmd/goimports",
    "go/ast/astutil",
    "go/gcexportdata",
    "go/internal/gcimporter",
    "go/internal/packagesdriver",
    "go/packages",
    "go/types/typeutil",
    "imports",
    "internal/fastwalk",
    "internal/gopathwalk",
    "internal/module",
    "internal/semver",
  ]
  pruneopts = ""
  revision = "681f9ce8ac52c4ba431539a515ecb7f2ab72eca0"

[[projects]]
  digest = "1:cedccf16b71e86db87a24f8d4c70b0a855872eb967cb906a66b95de56aefbd0d"
  name = "gopkg.in/yaml.v2"
  packages = ["."]
  pruneopts = ""
  revision = "51d6538a90f86fe93ac480b35f37b2be17fef232"
  version = "v2.2.2"

[solve-meta]
  analyzer-name = "dep"
  analyzer-version = 1
  input-imports = [
    "github.com/Betterment/testtrack-cli/cmds",
    "github.com/Betterment/testtrack-cli/fakeassignments",
    "github.com/Betterment/testtrack-cli/fakeserver",
    "github.com/Betterment/testtrack-cli/featurecompletions",
    "github.com/Betterment/testtrack-cli/identifiertypes",
    "github.com/Betterment/testtrack-cli/migrationloaders",
    "github.com/Betterment/testtrack-cli/migrationmanagers",
    "github.com/Betterment/testtrack-cli/migrationrunners",
    "github.com/Betterment/testtrack-cli/migrations",
    "github.com/Betterment/testtrack-cli/remotekills",
    "github.com/Betterment/testtrack-cli/schema",
    "github.com/Betterment/testtrack-cli/schemaloaders",
    "github.com/Betterment/testtrack-cli/serializers",
    "github.com/Betterment/testtrack-cli/servers",
    "github.com/Betterment/testtrack-cli/splitdecisions",
    "github.com/Betterment/testtrack-cli/splitretirements",
    "github.com/Betterment/testtrack-cli/splits",
    "github.com/Betterment/testtrack-cli/validations",
    "github.com/gorilla/mux",
    "github.com/joho/godotenv",
    "github.com/pkg/errors",
    "github.com/rs/cors",
    "github.com/spf13/cobra",
    "github.com/stretchr/testify/require",
    "golang.org/x/lint/golint",
    "golang.org/x/tools/cmd/goimports",
    "gopkg.in/yaml.v2",
  ]
  solver-name = "gps-cdcl"
  solver-version = 1
